
Microsoft Visual Studio Solution File, Format Version 12.00
# Visual Studio Version 17
VisualStudioVersion = 17.1.32407.343
MinimumVisualStudioVersion = 10.0.40219.1
Project("{FAE04EC0-301F-11D3-BF4B-00C04F79EFBC}") = "PokerGame", "PokerGame\PokerGame.csproj", "{CA36A59B-A904-415E-8F4F-55D3613DBD9B}"
EndProject
Project("{FAE04EC0-301F-11D3-BF4B-00C04F79EFBC}") = "Test", "Test\Test.csproj", "{BA494103-B24B-4525-8418-2B565FF7DEB7}"
EndProject
Global
	GlobalSection(SolutionConfigurationPlatforms) = preSolution
		Debug|Any CPU = Debug|Any CPU
		Release|Any CPU = Release|Any CPU
	EndGlobalSection
	GlobalSection(ProjectConfigurationPlatforms) = postSolution
		{CA36A59B-A904-415E-8F4F-55D3613DBD9B}.Debug|Any CPU.ActiveCfg = Debug|Any CPU
		{CA36A59B-A904-415E-8F4F-55D3613DBD9B}.Debug|Any CPU.Build.0 = Debug|Any CPU
		{CA36A59B-A904-415E-8F4F-55D3613DBD9B}.Release|Any CPU.ActiveCfg = Release|Any CPU
		{CA36A59B-A904-415E-8F4F-55D3613DBD9B}.Release|Any CPU.Build.0 = Release|Any CPU
		{BA494103-B24B-4525-8418-2B565FF7DEB7}.Debug|Any CPU.ActiveCfg = Debug|Any CPU
		{BA494103-B24B-4525-8418-2B565FF7DEB7}.Debug|Any CPU.Build.0 = Debug|Any CPU
		{BA494103-B24B-4525-8418-2B565FF7DEB7}.Release|Any CPU.ActiveCfg = Release|Any CPU
		{BA494103-B24B-4525-8418-2B565FF7DEB7}.Release|Any CPU.Build.0 = Release|Any CPU
	EndGlobalSection
	GlobalSection(SolutionProperties) = preSolution
		HideSolutionNode = FALSE
	EndGlobalSection
	GlobalSection(ExtensibilityGlobals) = postSolution
		SolutionGuid = {72ECB51B-D8FC-49B8-9F42-EC80FEB610AD}
	EndGlobalSection
EndGlobal
